
Microsoft Visual Studio Solution File, Format Version 12.00
# Visual Studio 15
Project("{FAE04EC0-301F-11D3-BF4B-00C04F79EFBC}") = "Progression", "Progression\Progression.csproj", "{A90BC8F9-24C5-4983-8F8C-34D688992805}"
EndProject
Global
	GlobalSection(SolutionConfigurationPlatforms) = preSolution
		Debug|Any CPU = Debug|Any CPU
		Release|Any CPU = Release|Any CPU
	EndGlobalSection
	GlobalSection(ProjectConfigurationPlatforms) = postSolution
		{A90BC8F9-24C5-4983-8F8C-34D688992805}.Debug|Any CPU.ActiveCfg = Debug|Any CPU
		{A90BC8F9-24C5-4983-8F8C-34D688992805}.Debug|Any CPU.Build.0 = Debug|Any CPU
		{A90BC8F9-24C5-4983-8F8C-34D688992805}.Release|Any CPU.ActiveCfg = Release|Any CPU
		{A90BC8F9-24C5-4983-8F8C-34D688992805}.Release|Any CPU.Build.0 = Release|Any CPU
	EndGlobalSection
EndGlobal
